
Microsoft Visual Studio Solution File, Format Version 12.00
# Visual Studio Version 17
VisualStudioVersion = 17.6.33723.286
MinimumVisualStudioVersion = 10.0.40219.1
Project("{FAE04EC0-301F-11D3-BF4B-00C04F79EFBC}") = "WebApi", "WebApi.csproj", "{9F125A41-D0C1-4BF9-94DA-BE792ED60A87}"
EndProject
Global
	GlobalSection(SolutionConfigurationPlatforms) = preSolution
		Debug|Any CPU = Debug|Any CPU
		Release|Any CPU = Release|Any CPU
	EndGlobalSection
	GlobalSection(ProjectConfigurationPlatforms) = postSolution
		{9F125A41-D0C1-4BF9-94DA-BE792ED60A87}.Debug|Any CPU.ActiveCfg = Debug|Any CPU
		{9F125A41-D0C1-4BF9-94DA-BE792ED60A87}.Debug|Any CPU.Build.0 = Debug|Any CPU
		{9F125A41-D0C1-4BF9-94DA-BE792ED60A87}.Release|Any CPU.ActiveCfg = Release|Any CPU
		{9F125A41-D0C1-4BF9-94DA-BE792ED60A87}.Release|Any CPU.Build.0 = Release|Any CPU
	EndGlobalSection
	GlobalSection(SolutionProperties) = preSolution
		HideSolutionNode = FALSE
	EndGlobalSection
	GlobalSection(ExtensibilityGlobals) = postSolution
		SolutionGuid = {0243662D-0FF4-4C2E-9027-8278FDB05EED}
	EndGlobalSection
EndGlobal
